
Microsoft Visual Studio Solution File, Format Version 12.00
# Visual Studio Version 17
VisualStudioVersion = 17.9.34728.123
MinimumVisualStudioVersion = 10.0.40219.1
Project("{9A19103F-16F7-4668-BE54-9A1E7A4F7556}") = "Flipzon_Server", "Flipzon_Server\Flipzon_Server.csproj", "{8760E2E0-6D8A-44AE-A6C0-8FE8836E6E22}"
EndProject
Project("{9A19103F-16F7-4668-BE54-9A1E7A4F7556}") = "Flipzon_WebAssembly", "Flipzon_WebAssempbly\Flipzon_WebAssembly.csproj", "{9A392863-679A-4445-B28B-6FF0E88611FB}"
EndProject
Project("{9A19103F-16F7-4668-BE54-9A1E7A4F7556}") = "Flipzon_Models", "Flipzon_Models\Flipzon_Models.csproj", "{AAB94DEC-FD4A-4EFC-A5F9-0FFFBF37692C}"
EndProject
Project("{9A19103F-16F7-4668-BE54-9A1E7A4F7556}") = "Flipzon_Common", "Flipzon_Common\Flipzon_Common.csproj", "{C59343F8-E026-46B1-8324-4B00C6967BE5}"
EndProject
Project("{9A19103F-16F7-4668-BE54-9A1E7A4F7556}") = "Flipzon_Business", "Flipzon_Business\Flipzon_Business.csproj", "{CA2FCE90-7DC1-4DEE-8C8A-9FECB5B31719}"
EndProject
Project("{9A19103F-16F7-4668-BE54-9A1E7A4F7556}") = "Flipzon_DataAccess", "Flipzon_DataAccess\Flipzon_DataAccess.csproj", "{C30E38E1-7E7D-4CCC-8139-46DEE174BAE9}"
EndProject
Project("{9A19103F-16F7-4668-BE54-9A1E7A4F7556}") = "Flipzon_API", "Flipzon_API\Flipzon_API.csproj", "{F49A7227-FD33-4584-AF7D-7000BCA474FD}"
EndProject
Global
	GlobalSection(SolutionConfigurationPlatforms) = preSolution
		Debug|Any CPU = Debug|Any CPU
		Release|Any CPU = Release|Any CPU
	EndGlobalSection
	GlobalSection(ProjectConfigurationPlatforms) = postSolution
		{8760E2E0-6D8A-44AE-A6C0-8FE8836E6E22}.Debug|Any CPU.ActiveCfg = Debug|Any CPU
		{8760E2E0-6D8A-44AE-A6C0-8FE8836E6E22}.Debug|Any CPU.Build.0 = Debug|Any CPU
		{8760E2E0-6D8A-44AE-A6C0-8FE8836E6E22}.Release|Any CPU.ActiveCfg = Release|Any CPU
		{8760E2E0-6D8A-44AE-A6C0-8FE8836E6E22}.Release|Any CPU.Build.0 = Release|Any CPU
		{9A392863-679A-4445-B28B-6FF0E88611FB}.Debug|Any CPU.ActiveCfg = Debug|Any CPU
		{9A392863-679A-4445-B28B-6FF0E88611FB}.Debug|Any CPU.Build.0 = Debug|Any CPU
		{9A392863-679A-4445-B28B-6FF0E88611FB}.Release|Any CPU.ActiveCfg = Release|Any CPU
		{9A392863-679A-4445-B28B-6FF0E88611FB}.Release|Any CPU.Build.0 = Release|Any CPU
		{AAB94DEC-FD4A-4EFC-A5F9-0FFFBF37692C}.Debug|Any CPU.ActiveCfg = Debug|Any CPU
		{AAB94DEC-FD4A-4EFC-A5F9-0FFFBF37692C}.Debug|Any CPU.Build.0 = Debug|Any CPU
		{AAB94DEC-FD4A-4EFC-A5F9-0FFFBF37692C}.Release|Any CPU.ActiveCfg = Release|Any CPU
		{AAB94DEC-FD4A-4EFC-A5F9-0FFFBF37692C}.Release|Any CPU.Build.0 = Release|Any CPU
		{C59343F8-E026-46B1-8324-4B00C6967BE5}.Debug|Any CPU.ActiveCfg = Debug|Any CPU
		{C59343F8-E026-46B1-8324-4B00C6967BE5}.Debug|Any CPU.Build.0 = Debug|Any CPU
		{C59343F8-E026-46B1-8324-4B00C6967BE5}.Release|Any CPU.ActiveCfg = Release|Any CPU
		{C59343F8-E026-46B1-8324-4B00C6967BE5}.Release|Any CPU.Build.0 = Release|Any CPU
		{CA2FCE90-7DC1-4DEE-8C8A-9FECB5B31719}.Debug|Any CPU.ActiveCfg = Debug|Any CPU
		{CA2FCE90-7DC1-4DEE-8C8A-9FECB5B31719}.Debug|Any CPU.Build.0 = Debug|Any CPU
		{CA2FCE90-7DC1-4DEE-8C8A-9FECB5B31719}.Release|Any CPU.ActiveCfg = Release|Any CPU
		{CA2FCE90-7DC1-4DEE-8C8A-9FECB5B31719}.Release|Any CPU.Build.0 = Release|Any CPU
		{C30E38E1-7E7D-4CCC-8139-46DEE174BAE9}.Debug|Any CPU.ActiveCfg = Debug|Any CPU
		{C30E38E1-7E7D-4CCC-8139-46DEE174BAE9}.Debug|Any CPU.Build.0 = Debug|Any CPU
		{C30E38E1-7E7D-4CCC-8139-46DEE174BAE9}.Release|Any CPU.ActiveCfg = Release|Any CPU
		{C30E38E1-7E7D-4CCC-8139-46DEE174BAE9}.Release|Any CPU.Build.0 = Release|Any CPU
		{F49A7227-FD33-4584-AF7D-7000BCA474FD}.Debug|Any CPU.ActiveCfg = Debug|Any CPU
		{F49A7227-FD33-4584-AF7D-7000BCA474FD}.Debug|Any CPU.Build.0 = Debug|Any CPU
		{F49A7227-FD33-4584-AF7D-7000BCA474FD}.Release|Any CPU.ActiveCfg = Release|Any CPU
		{F49A7227-FD33-4584-AF7D-7000BCA474FD}.Release|Any CPU.Build.0 = Release|Any CPU
	EndGlobalSection
	GlobalSection(SolutionProperties) = preSolution
		HideSolutionNode = FALSE
	EndGlobalSection
	GlobalSection(ExtensibilityGlobals) = postSolution
		SolutionGuid = {953EB0C1-5874-474D-829C-94A7D677E268}
	EndGlobalSection
EndGlobal
